
Microsoft Visual Studio Solution File, Format Version 12.00
# Visual Studio Version 17
VisualStudioVersion = 17.2.32526.322
MinimumVisualStudioVersion = 10.0.40219.1
Project("{9A19103F-16F7-4668-BE54-9A1E7A4F7556}") = "Slack.NetStandard", "Slack.NetStandard\Slack.NetStandard.csproj", "{3196601E-9415-4B9D-A493-AFCF7D163D38}"
EndProject
Project("{9A19103F-16F7-4668-BE54-9A1E7A4F7556}") = "Slack.NetStandard.Tests", "Slack.NetStandard.Tests\Slack.NetStandard.Tests.csproj", "{20AF74EC-8E81-46B8-9E16-CF4F5EB6C4DA}"
EndProject
Project("{2150E333-8FDC-42A3-9474-1A3956D46DE8}") = "Solution Items", "Solution Items", "{4D7A7598-16F6-4CBF-82AD-20D1AE98FE4B}"
	ProjectSection(SolutionItems) = preProject
		README.md = README.md
	EndProjectSection
EndProject
Project("{9A19103F-16F7-4668-BE54-9A1E7A4F7556}") = "Slack.NetStandard.Analyzers", "Slack.NetStandard.Analyzers\Slack.NetStandard.Analyzers.csproj", "{94E3B3ED-A490-41E4-BE76-00716892E83D}"
EndProject
Global
	GlobalSection(SolutionConfigurationPlatforms) = preSolution
		Debug|Any CPU = Debug|Any CPU
		Release|Any CPU = Release|Any CPU
	EndGlobalSection
	GlobalSection(ProjectConfigurationPlatforms) = postSolution
		{3196601E-9415-4B9D-A493-AFCF7D163D38}.Debug|Any CPU.ActiveCfg = Debug|Any CPU
		{3196601E-9415-4B9D-A493-AFCF7D163D38}.Debug|Any CPU.Build.0 = Debug|Any CPU
		{3196601E-9415-4B9D-A493-AFCF7D163D38}.Release|Any CPU.ActiveCfg = Release|Any CPU
		{3196601E-9415-4B9D-A493-AFCF7D163D38}.Release|Any CPU.Build.0 = Release|Any CPU
		{20AF74EC-8E81-46B8-9E16-CF4F5EB6C4DA}.Debug|Any CPU.ActiveCfg = Debug|Any CPU
		{20AF74EC-8E81-46B8-9E16-CF4F5EB6C4DA}.Debug|Any CPU.Build.0 = Debug|Any CPU
		{20AF74EC-8E81-46B8-9E16-CF4F5EB6C4DA}.Release|Any CPU.ActiveCfg = Release|Any CPU
		{20AF74EC-8E81-46B8-9E16-CF4F5EB6C4DA}.Release|Any CPU.Build.0 = Release|Any CPU
		{94E3B3ED-A490-41E4-BE76-00716892E83D}.Debug|Any CPU.ActiveCfg = Debug|Any CPU
		{94E3B3ED-A490-41E4-BE76-00716892E83D}.Debug|Any CPU.Build.0 = Debug|Any CPU
		{94E3B3ED-A490-41E4-BE76-00716892E83D}.Release|Any CPU.ActiveCfg = Release|Any CPU
		{94E3B3ED-A490-41E4-BE76-00716892E83D}.Release|Any CPU.Build.0 = Release|Any CPU
	EndGlobalSection
	GlobalSection(SolutionProperties) = preSolution
		HideSolutionNode = FALSE
	EndGlobalSection
	GlobalSection(ExtensibilityGlobals) = postSolution
		SolutionGuid = {361CC533-511C-4B62-B8E5-FEB486433213}
	EndGlobalSection
EndGlobal
